
Microsoft Visual Studio Solution File, Format Version 12.00
# Visual Studio 15
VisualStudioVersion = 15.0.27004.2009
MinimumVisualStudioVersion = 10.0.40219.1
Project("{FAE04EC0-301F-11D3-BF4B-00C04F79EFBC}") = "ATOE", "ATOE\ATOE.csproj", "{BE932AF2-AF5A-4FD1-BB4B-C60B5B3A27D6}"
EndProject
Global
	GlobalSection(SolutionConfigurationPlatforms) = preSolution
		Debug|Any CPU = Debug|Any CPU
		Release|Any CPU = Release|Any CPU
	EndGlobalSection
	GlobalSection(ProjectConfigurationPlatforms) = postSolution
		{BE932AF2-AF5A-4FD1-BB4B-C60B5B3A27D6}.Debug|Any CPU.ActiveCfg = Debug|Any CPU
		{BE932AF2-AF5A-4FD1-BB4B-C60B5B3A27D6}.Debug|Any CPU.Build.0 = Debug|Any CPU
		{BE932AF2-AF5A-4FD1-BB4B-C60B5B3A27D6}.Release|Any CPU.ActiveCfg = Release|Any CPU
		{BE932AF2-AF5A-4FD1-BB4B-C60B5B3A27D6}.Release|Any CPU.Build.0 = Release|Any CPU
	EndGlobalSection
	GlobalSection(SolutionProperties) = preSolution
		HideSolutionNode = FALSE
	EndGlobalSection
	GlobalSection(ExtensibilityGlobals) = postSolution
		SolutionGuid = {46A1F5E2-E126-46A9-BF21-483461D8ACA5}
	EndGlobalSection
EndGlobal
